
Microsoft Visual Studio Solution File, Format Version 12.00
# Visual Studio Version 17
VisualStudioVersion = 17.4.33110.190
MinimumVisualStudioVersion = 10.0.40219.1
Project("{FAE04EC0-301F-11D3-BF4B-00C04F79EFBC}") = "AgricultureUI", "AgricultureUI\AgricultureUI.csproj", "{5DE76239-4161-47F2-9B54-2652D07446DE}"
EndProject
Project("{FAE04EC0-301F-11D3-BF4B-00C04F79EFBC}") = "EntityLayer", "EntityLayer\EntityLayer.csproj", "{C97A173C-4380-4068-A9FF-B5CBE3083AE6}"
EndProject
Project("{FAE04EC0-301F-11D3-BF4B-00C04F79EFBC}") = "DataAccessLayer", "DataAccessLayer\DataAccessLayer.csproj", "{0EEFCFA2-E7B2-4420-A391-2E55645F2FA1}"
EndProject
Project("{FAE04EC0-301F-11D3-BF4B-00C04F79EFBC}") = "BusinessLayer", "BusinessLayer\BusinessLayer.csproj", "{7531FFE4-3B55-4962-9D1B-18A5B2DA1047}"
EndProject
Global
	GlobalSection(SolutionConfigurationPlatforms) = preSolution
		Debug|Any CPU = Debug|Any CPU
		Release|Any CPU = Release|Any CPU
	EndGlobalSection
	GlobalSection(ProjectConfigurationPlatforms) = postSolution
		{5DE76239-4161-47F2-9B54-2652D07446DE}.Debug|Any CPU.ActiveCfg = Debug|Any CPU
		{5DE76239-4161-47F2-9B54-2652D07446DE}.Debug|Any CPU.Build.0 = Debug|Any CPU
		{5DE76239-4161-47F2-9B54-2652D07446DE}.Release|Any CPU.ActiveCfg = Release|Any CPU
		{5DE76239-4161-47F2-9B54-2652D07446DE}.Release|Any CPU.Build.0 = Release|Any CPU
		{C97A173C-4380-4068-A9FF-B5CBE3083AE6}.Debug|Any CPU.ActiveCfg = Debug|Any CPU
		{C97A173C-4380-4068-A9FF-B5CBE3083AE6}.Debug|Any CPU.Build.0 = Debug|Any CPU
		{C97A173C-4380-4068-A9FF-B5CBE3083AE6}.Release|Any CPU.ActiveCfg = Release|Any CPU
		{C97A173C-4380-4068-A9FF-B5CBE3083AE6}.Release|Any CPU.Build.0 = Release|Any CPU
		{0EEFCFA2-E7B2-4420-A391-2E55645F2FA1}.Debug|Any CPU.ActiveCfg = Debug|Any CPU
		{0EEFCFA2-E7B2-4420-A391-2E55645F2FA1}.Debug|Any CPU.Build.0 = Debug|Any CPU
		{0EEFCFA2-E7B2-4420-A391-2E55645F2FA1}.Release|Any CPU.ActiveCfg = Release|Any CPU
		{0EEFCFA2-E7B2-4420-A391-2E55645F2FA1}.Release|Any CPU.Build.0 = Release|Any CPU
		{7531FFE4-3B55-4962-9D1B-18A5B2DA1047}.Debug|Any CPU.ActiveCfg = Debug|Any CPU
		{7531FFE4-3B55-4962-9D1B-18A5B2DA1047}.Debug|Any CPU.Build.0 = Debug|Any CPU
		{7531FFE4-3B55-4962-9D1B-18A5B2DA1047}.Release|Any CPU.ActiveCfg = Release|Any CPU
		{7531FFE4-3B55-4962-9D1B-18A5B2DA1047}.Release|Any CPU.Build.0 = Release|Any CPU
	EndGlobalSection
	GlobalSection(SolutionProperties) = preSolution
		HideSolutionNode = FALSE
	EndGlobalSection
	GlobalSection(ExtensibilityGlobals) = postSolution
		SolutionGuid = {56D28B1F-A474-467D-9B50-B4244DB8A5CB}
	EndGlobalSection
EndGlobal
